// !$*UTF8*$!
{
	archiveVersion = 1;
	classes = {
	};
	objectVersion = 56;
	objects = {

/* Begin PBXBuildFile section */
		0B879A02F4D9DAB143D1B5B7 /* Pods_MomentumTask.framework in Frameworks */ = {isa = PBXBuildFile; fileRef = F4B49915C2E687CAA1A4904A /* Pods_MomentumTask.framework */; };
		388575E12CEE67170068B6BF /* AppDelegate.swift in Sources */ = {isa = PBXBuildFile; fileRef = 388575E02CEE67170068B6BF /* AppDelegate.swift */; };
		388575E32CEE67170068B6BF /* SceneDelegate.swift in Sources */ = {isa = PBXBuildFile; fileRef = 388575E22CEE67170068B6BF /* SceneDelegate.swift */; };
		388575EB2CEE67170068B6BF /* MomentumTask.xcdatamodeld in Sources */ = {isa = PBXBuildFile; fileRef = 388575E92CEE67170068B6BF /* MomentumTask.xcdatamodeld */; };
		388575ED2CEE67350068B6BF /* Assets.xcassets in Resources */ = {isa = PBXBuildFile; fileRef = 388575EC2CEE67350068B6BF /* Assets.xcassets */; };
		388575F02CEE67350068B6BF /* LaunchScreen.storyboard in Resources */ = {isa = PBXBuildFile; fileRef = 388575EE2CEE67350068B6BF /* LaunchScreen.storyboard */; };
		388576052CEE6BFD0068B6BF /* CompetitionsViewController.swift in Sources */ = {isa = PBXBuildFile; fileRef = 388576032CEE6BFD0068B6BF /* CompetitionsViewController.swift */; };
		388576062CEE6BFD0068B6BF /* CompetitionsViewController.xib in Resources */ = {isa = PBXBuildFile; fileRef = 388576042CEE6BFD0068B6BF /* CompetitionsViewController.xib */; };
		3885761A2CEE6F610068B6BF /* NetworkManager.swift in Sources */ = {isa = PBXBuildFile; fileRef = 388576192CEE6F610068B6BF /* NetworkManager.swift */; };
		3885761C2CEE70410068B6BF /* Constants.swift in Sources */ = {isa = PBXBuildFile; fileRef = 3885761B2CEE70410068B6BF /* Constants.swift */; };
		3885761E2CEE70ED0068B6BF /* APIBuilder.swift in Sources */ = {isa = PBXBuildFile; fileRef = 3885761D2CEE70ED0068B6BF /* APIBuilder.swift */; };
		388576202CEE71200068B6BF /* Encodable+Extension.swift in Sources */ = {isa = PBXBuildFile; fileRef = 3885761F2CEE71200068B6BF /* Encodable+Extension.swift */; };
/* End PBXBuildFile section */

/* Begin PBXFileReference section */
		135EB21D7F768175B4D91836 /* Pods-MomentumTask.debug.xcconfig */ = {isa = PBXFileReference; includeInIndex = 1; lastKnownFileType = text.xcconfig; name = "Pods-MomentumTask.debug.xcconfig"; path = "Target Support Files/Pods-MomentumTask/Pods-MomentumTask.debug.xcconfig"; sourceTree = "<group>"; };
		388575DD2CEE67170068B6BF /* MomentumTask.app */ = {isa = PBXFileReference; explicitFileType = wrapper.application; includeInIndex = 0; path = MomentumTask.app; sourceTree = BUILT_PRODUCTS_DIR; };
		388575E02CEE67170068B6BF /* AppDelegate.swift */ = {isa = PBXFileReference; lastKnownFileType = sourcecode.swift; path = AppDelegate.swift; sourceTree = "<group>"; };
		388575E22CEE67170068B6BF /* SceneDelegate.swift */ = {isa = PBXFileReference; lastKnownFileType = sourcecode.swift; path = SceneDelegate.swift; sourceTree = "<group>"; };
		388575EA2CEE67170068B6BF /* MomentumTask.xcdatamodel */ = {isa = PBXFileReference; lastKnownFileType = wrapper.xcdatamodel; path = MomentumTask.xcdatamodel; sourceTree = "<group>"; };
		388575EC2CEE67350068B6BF /* Assets.xcassets */ = {isa = PBXFileReference; lastKnownFileType = folder.assetcatalog; path = Assets.xcassets; sourceTree = "<group>"; };
		388575EF2CEE67350068B6BF /* Base */ = {isa = PBXFileReference; lastKnownFileType = file.storyboard; name = Base; path = Base.lproj/LaunchScreen.storyboard; sourceTree = "<group>"; };
		388575F12CEE67350068B6BF /* Info.plist */ = {isa = PBXFileReference; lastKnownFileType = text.plist.xml; path = Info.plist; sourceTree = "<group>"; };
		388576032CEE6BFD0068B6BF /* CompetitionsViewController.swift */ = {isa = PBXFileReference; lastKnownFileType = sourcecode.swift; path = CompetitionsViewController.swift; sourceTree = "<group>"; };
		388576042CEE6BFD0068B6BF /* CompetitionsViewController.xib */ = {isa = PBXFileReference; lastKnownFileType = file.xib; path = CompetitionsViewController.xib; sourceTree = "<group>"; };
		388576192CEE6F610068B6BF /* NetworkManager.swift */ = {isa = PBXFileReference; indentWidth = 2; lastKnownFileType = sourcecode.swift; path = NetworkManager.swift; sourceTree = "<group>"; tabWidth = 2; };
		3885761B2CEE70410068B6BF /* Constants.swift */ = {isa = PBXFileReference; indentWidth = 2; lastKnownFileType = sourcecode.swift; path = Constants.swift; sourceTree = "<group>"; tabWidth = 2; };
		3885761D2CEE70ED0068B6BF /* APIBuilder.swift */ = {isa = PBXFileReference; indentWidth = 2; lastKnownFileType = sourcecode.swift; path = APIBuilder.swift; sourceTree = "<group>"; tabWidth = 2; };
		3885761F2CEE71200068B6BF /* Encodable+Extension.swift */ = {isa = PBXFileReference; indentWidth = 2; lastKnownFileType = sourcecode.swift; path = "Encodable+Extension.swift"; sourceTree = "<group>"; tabWidth = 2; };
		571724B0C717464583A8C55C /* Pods-MomentumTask.release.xcconfig */ = {isa = PBXFileReference; includeInIndex = 1; lastKnownFileType = text.xcconfig; name = "Pods-MomentumTask.release.xcconfig"; path = "Target Support Files/Pods-MomentumTask/Pods-MomentumTask.release.xcconfig"; sourceTree = "<group>"; };
		F4B49915C2E687CAA1A4904A /* Pods_MomentumTask.framework */ = {isa = PBXFileReference; explicitFileType = wrapper.framework; includeInIndex = 0; path = Pods_MomentumTask.framework; sourceTree = BUILT_PRODUCTS_DIR; };
/* End PBXFileReference section */

/* Begin PBXFrameworksBuildPhase section */
		388575DA2CEE67170068B6BF /* Frameworks */ = {
			isa = PBXFrameworksBuildPhase;
			buildActionMask = 2147483647;
			files = (
				0B879A02F4D9DAB143D1B5B7 /* Pods_MomentumTask.framework in Frameworks */,
			);
			runOnlyForDeploymentPostprocessing = 0;
		};
/* End PBXFrameworksBuildPhase section */

/* Begin PBXGroup section */
		388575D42CEE67160068B6BF = {
			isa = PBXGroup;
			children = (
				388575DF2CEE67170068B6BF /* MomentumTask */,
				388575DE2CEE67170068B6BF /* Products */,
				ABC95E99A583CA78F4E7A162 /* Pods */,
				C10B3B1F51FE1BD3516280B3 /* Frameworks */,
			);
			sourceTree = "<group>";
		};
		388575DE2CEE67170068B6BF /* Products */ = {
			isa = PBXGroup;
			children = (
				388575DD2CEE67170068B6BF /* MomentumTask.app */,
			);
			name = Products;
			sourceTree = "<group>";
		};
		388575DF2CEE67170068B6BF /* MomentumTask */ = {
			isa = PBXGroup;
			children = (
				388576082CEE6DF30068B6BF /* Application */,
				388576072CEE6D3A0068B6BF /* Resources */,
				388575F72CEE6B190068B6BF /* Extensions */,
				388575F82CEE6B220068B6BF /* NetworkManager */,
				388575F92CEE6B2B0068B6BF /* CoreDataManager */,
				388575FA2CEE6B3A0068B6BF /* Scenses */,
				388575E92CEE67170068B6BF /* MomentumTask.xcdatamodeld */,
			);
			path = MomentumTask;
			sourceTree = "<group>";
		};
		388575F72CEE6B190068B6BF /* Extensions */ = {
			isa = PBXGroup;
			children = (
				3885761F2CEE71200068B6BF /* Encodable+Extension.swift */,
			);
			path = Extensions;
			sourceTree = "<group>";
		};
		388575F82CEE6B220068B6BF /* NetworkManager */ = {
			isa = PBXGroup;
			children = (
				388576192CEE6F610068B6BF /* NetworkManager.swift */,
				3885761B2CEE70410068B6BF /* Constants.swift */,
				3885761D2CEE70ED0068B6BF /* APIBuilder.swift */,
			);
			path = NetworkManager;
			sourceTree = "<group>";
		};
		388575F92CEE6B2B0068B6BF /* CoreDataManager */ = {
			isa = PBXGroup;
			children = (
			);
			path = CoreDataManager;
			sourceTree = "<group>";
		};
		388575FA2CEE6B3A0068B6BF /* Scenses */ = {
			isa = PBXGroup;
			children = (
				388575FB2CEE6B510068B6BF /* Competitions */,
				388576092CEE6E100068B6BF /* CompetitionDetails */,
				388576112CEE6E6D0068B6BF /* Matches */,
			);
			path = Scenses;
			sourceTree = "<group>";
		};
		388575FB2CEE6B510068B6BF /* Competitions */ = {
			isa = PBXGroup;
			children = (
				388575FC2CEE6B780068B6BF /* Data */,
				388575FD2CEE6B820068B6BF /* Domain */,
				388575FE2CEE6B880068B6BF /* Presentation */,
			);
			path = Competitions;
			sourceTree = "<group>";
		};
		388575FC2CEE6B780068B6BF /* Data */ = {
			isa = PBXGroup;
			children = (
				388576022CEE6BAF0068B6BF /* Repository */,
			);
			path = Data;
			sourceTree = "<group>";
		};
		388575FD2CEE6B820068B6BF /* Domain */ = {
			isa = PBXGroup;
			children = (
				388576012CEE6BA90068B6BF /* Model */,
			);
			path = Domain;
			sourceTree = "<group>";
		};
		388575FE2CEE6B880068B6BF /* Presentation */ = {
			isa = PBXGroup;
			children = (
				388576002CEE6BA00068B6BF /* Views */,
				388575FF2CEE6B980068B6BF /* ViewModel */,
			);
			path = Presentation;
			sourceTree = "<group>";
		};
		388575FF2CEE6B980068B6BF /* ViewModel */ = {
			isa = PBXGroup;
			children = (
			);
			path = ViewModel;
			sourceTree = "<group>";
		};
		388576002CEE6BA00068B6BF /* Views */ = {
			isa = PBXGroup;
			children = (
				388576032CEE6BFD0068B6BF /* CompetitionsViewController.swift */,
				388576042CEE6BFD0068B6BF /* CompetitionsViewController.xib */,
			);
			path = Views;
			sourceTree = "<group>";
		};
		388576012CEE6BA90068B6BF /* Model */ = {
			isa = PBXGroup;
			children = (
			);
			path = Model;
			sourceTree = "<group>";
		};
		388576022CEE6BAF0068B6BF /* Repository */ = {
			isa = PBXGroup;
			children = (
			);
			path = Repository;
			sourceTree = "<group>";
		};
		388576072CEE6D3A0068B6BF /* Resources */ = {
			isa = PBXGroup;
			children = (
				388575F12CEE67350068B6BF /* Info.plist */,
				388575EC2CEE67350068B6BF /* Assets.xcassets */,
				388575EE2CEE67350068B6BF /* LaunchScreen.storyboard */,
			);
			path = Resources;
			sourceTree = "<group>";
		};
		388576082CEE6DF30068B6BF /* Application */ = {
			isa = PBXGroup;
			children = (
				388575E02CEE67170068B6BF /* AppDelegate.swift */,
				388575E22CEE67170068B6BF /* SceneDelegate.swift */,
			);
			path = Application;
			sourceTree = "<group>";
		};
		388576092CEE6E100068B6BF /* CompetitionDetails */ = {
			isa = PBXGroup;
			children = (
				3885760F2CEE6E520068B6BF /* Data */,
				3885760D2CEE6E420068B6BF /* Domain */,
				3885760A2CEE6E260068B6BF /* Presentation */,
			);
			path = CompetitionDetails;
			sourceTree = "<group>";
		};
		3885760A2CEE6E260068B6BF /* Presentation */ = {
			isa = PBXGroup;
			children = (
				3885760C2CEE6E3B0068B6BF /* Views */,
				3885760B2CEE6E2D0068B6BF /* ViewModel */,
			);
			path = Presentation;
			sourceTree = "<group>";
		};
		3885760B2CEE6E2D0068B6BF /* ViewModel */ = {
			isa = PBXGroup;
			children = (
			);
			path = ViewModel;
			sourceTree = "<group>";
		};
		3885760C2CEE6E3B0068B6BF /* Views */ = {
			isa = PBXGroup;
			children = (
			);
			path = Views;
			sourceTree = "<group>";
		};
		3885760D2CEE6E420068B6BF /* Domain */ = {
			isa = PBXGroup;
			children = (
				3885760E2CEE6E4D0068B6BF /* Model */,
			);
			path = Domain;
			sourceTree = "<group>";
		};
		3885760E2CEE6E4D0068B6BF /* Model */ = {
			isa = PBXGroup;
			children = (
			);
			path = Model;
			sourceTree = "<group>";
		};
		3885760F2CEE6E520068B6BF /* Data */ = {
			isa = PBXGroup;
			children = (
				388576102CEE6E580068B6BF /* Repository */,
			);
			path = Data;
			sourceTree = "<group>";
		};
		388576102CEE6E580068B6BF /* Repository */ = {
			isa = PBXGroup;
			children = (
			);
			path = Repository;
			sourceTree = "<group>";
		};
		388576112CEE6E6D0068B6BF /* Matches */ = {
			isa = PBXGroup;
			children = (
				388576172CEE6EAE0068B6BF /* Data */,
				388576152CEE6E9E0068B6BF /* Domain */,
				388576122CEE6E820068B6BF /* Presentation */,
			);
			path = Matches;
			sourceTree = "<group>";
		};
		388576122CEE6E820068B6BF /* Presentation */ = {
			isa = PBXGroup;
			children = (
				388576142CEE6E980068B6BF /* Views */,
				388576132CEE6E8C0068B6BF /* ViewModel */,
			);
			path = Presentation;
			sourceTree = "<group>";
		};
		388576132CEE6E8C0068B6BF /* ViewModel */ = {
			isa = PBXGroup;
			children = (
			);
			path = ViewModel;
			sourceTree = "<group>";
		};
		388576142CEE6E980068B6BF /* Views */ = {
			isa = PBXGroup;
			children = (
			);
			path = Views;
			sourceTree = "<group>";
		};
		388576152CEE6E9E0068B6BF /* Domain */ = {
			isa = PBXGroup;
			children = (
				388576162CEE6EA30068B6BF /* Model */,
			);
			path = Domain;
			sourceTree = "<group>";
		};
		388576162CEE6EA30068B6BF /* Model */ = {
			isa = PBXGroup;
			children = (
			);
			path = Model;
			sourceTree = "<group>";
		};
		388576172CEE6EAE0068B6BF /* Data */ = {
			isa = PBXGroup;
			children = (
				388576182CEE6EB30068B6BF /* Repository */,
			);
			path = Data;
			sourceTree = "<group>";
		};
		388576182CEE6EB30068B6BF /* Repository */ = {
			isa = PBXGroup;
			children = (
			);
			path = Repository;
			sourceTree = "<group>";
		};
		ABC95E99A583CA78F4E7A162 /* Pods */ = {
			isa = PBXGroup;
			children = (
				135EB21D7F768175B4D91836 /* Pods-MomentumTask.debug.xcconfig */,
				571724B0C717464583A8C55C /* Pods-MomentumTask.release.xcconfig */,
			);
			path = Pods;
			sourceTree = "<group>";
		};
		C10B3B1F51FE1BD3516280B3 /* Frameworks */ = {
			isa = PBXGroup;
			children = (
				F4B49915C2E687CAA1A4904A /* Pods_MomentumTask.framework */,
			);
			name = Frameworks;
			sourceTree = "<group>";
		};
/* End PBXGroup section */

/* Begin PBXNativeTarget section */
		388575DC2CEE67170068B6BF /* MomentumTask */ = {
			isa = PBXNativeTarget;
			buildConfigurationList = 388575F42CEE67350068B6BF /* Build configuration list for PBXNativeTarget "MomentumTask" */;
			buildPhases = (
				422D757380FD8362E7F37CF8 /* [CP] Check Pods Manifest.lock */,
				388575D92CEE67170068B6BF /* Sources */,
				388575DA2CEE67170068B6BF /* Frameworks */,
				388575DB2CEE67170068B6BF /* Resources */,
				081CBF02A2E0A3F79A234065 /* [CP] Embed Pods Frameworks */,
			);
			buildRules = (
			);
			dependencies = (
			);
			name = MomentumTask;
			productName = MomentumTask;
			productReference = 388575DD2CEE67170068B6BF /* MomentumTask.app */;
			productType = "com.apple.product-type.application";
		};
/* End PBXNativeTarget section */

/* Begin PBXProject section */
		388575D52CEE67160068B6BF /* Project object */ = {
			isa = PBXProject;
			attributes = {
				BuildIndependentTargetsInParallel = 1;
				LastSwiftUpdateCheck = 1430;
				LastUpgradeCheck = 1430;
				TargetAttributes = {
					388575DC2CEE67170068B6BF = {
						CreatedOnToolsVersion = 14.3.1;
					};
				};
			};
			buildConfigurationList = 388575D82CEE67160068B6BF /* Build configuration list for PBXProject "MomentumTask" */;
			compatibilityVersion = "Xcode 14.0";
			developmentRegion = en;
			hasScannedForEncodings = 0;
			knownRegions = (
				en,
				Base,
			);
			mainGroup = 388575D42CEE67160068B6BF;
			productRefGroup = 388575DE2CEE67170068B6BF /* Products */;
			projectDirPath = "";
			projectRoot = "";
			targets = (
				388575DC2CEE67170068B6BF /* MomentumTask */,
			);
		};
/* End PBXProject section */

/* Begin PBXResourcesBuildPhase section */
		388575DB2CEE67170068B6BF /* Resources */ = {
			isa = PBXResourcesBuildPhase;
			buildActionMask = 2147483647;
			files = (
				388575F02CEE67350068B6BF /* LaunchScreen.storyboard in Resources */,
				388575ED2CEE67350068B6BF /* Assets.xcassets in Resources */,
				388576062CEE6BFD0068B6BF /* CompetitionsViewController.xib in Resources */,
			);
			runOnlyForDeploymentPostprocessing = 0;
		};
/* End PBXResourcesBuildPhase section */

/* Begin PBXShellScriptBuildPhase section */
		081CBF02A2E0A3F79A234065 /* [CP] Embed Pods Frameworks */ = {
			isa = PBXShellScriptBuildPhase;
			buildActionMask = 2147483647;
			files = (
			);
			inputFileListPaths = (
				"${PODS_ROOT}/Target Support Files/Pods-MomentumTask/Pods-MomentumTask-frameworks-${CONFIGURATION}-input-files.xcfilelist",
			);
			name = "[CP] Embed Pods Frameworks";
			outputFileListPaths = (
				"${PODS_ROOT}/Target Support Files/Pods-MomentumTask/Pods-MomentumTask-frameworks-${CONFIGURATION}-output-files.xcfilelist",
			);
			runOnlyForDeploymentPostprocessing = 0;
			shellPath = /bin/sh;
			shellScript = "\"${PODS_ROOT}/Target Support Files/Pods-MomentumTask/Pods-MomentumTask-frameworks.sh\"\n";
			showEnvVarsInLog = 0;
		};
		422D757380FD8362E7F37CF8 /* [CP] Check Pods Manifest.lock */ = {
			isa = PBXShellScriptBuildPhase;
			buildActionMask = 2147483647;
			files = (
			);
			inputFileListPaths = (
			);
			inputPaths = (
				"${PODS_PODFILE_DIR_PATH}/Podfile.lock",
				"${PODS_ROOT}/Manifest.lock",
			);
			name = "[CP] Check Pods Manifest.lock";
			outputFileListPaths = (
			);
			outputPaths = (
				"$(DERIVED_FILE_DIR)/Pods-MomentumTask-checkManifestLockResult.txt",
			);
			runOnlyForDeploymentPostprocessing = 0;
			shellPath = /bin/sh;
			shellScript = "diff \"${PODS_PODFILE_DIR_PATH}/Podfile.lock\" \"${PODS_ROOT}/Manifest.lock\" > /dev/null\nif [ $? != 0 ] ; then\n    # print error to STDERR\n    echo \"error: The sandbox is not in sync with the Podfile.lock. Run 'pod install' or update your CocoaPods installation.\" >&2\n    exit 1\nfi\n# This output is used by Xcode 'outputs' to avoid re-running this script phase.\necho \"SUCCESS\" > \"${SCRIPT_OUTPUT_FILE_0}\"\n";
			showEnvVarsInLog = 0;
		};
/* End PBXShellScriptBuildPhase section */

/* Begin PBXSourcesBuildPhase section */
		388575D92CEE67170068B6BF /* Sources */ = {
			isa = PBXSourcesBuildPhase;
			buildActionMask = 2147483647;
			files = (
				388576052CEE6BFD0068B6BF /* CompetitionsViewController.swift in Sources */,
				388576202CEE71200068B6BF /* Encodable+Extension.swift in Sources */,
				388575E12CEE67170068B6BF /* AppDelegate.swift in Sources */,
				3885761A2CEE6F610068B6BF /* NetworkManager.swift in Sources */,
				388575EB2CEE67170068B6BF /* MomentumTask.xcdatamodeld in Sources */,
				388575E32CEE67170068B6BF /* SceneDelegate.swift in Sources */,
				3885761C2CEE70410068B6BF /* Constants.swift in Sources */,
				3885761E2CEE70ED0068B6BF /* APIBuilder.swift in Sources */,
			);
			runOnlyForDeploymentPostprocessing = 0;
		};
/* End PBXSourcesBuildPhase section */

/* Begin PBXVariantGroup section */
		388575EE2CEE67350068B6BF /* LaunchScreen.storyboard */ = {
			isa = PBXVariantGroup;
			children = (
				388575EF2CEE67350068B6BF /* Base */,
			);
			name = LaunchScreen.storyboard;
			sourceTree = "<group>";
		};
/* End PBXVariantGroup section */

/* Begin XCBuildConfiguration section */
		388575F22CEE67350068B6BF /* Debug */ = {
			isa = XCBuildConfiguration;
			buildSettings = {
				ALWAYS_SEARCH_USER_PATHS = NO;
				CLANG_ANALYZER_NONNULL = YES;
				CLANG_ANALYZER_NUMBER_OBJECT_CONVERSION = YES_AGGRESSIVE;
				CLANG_CXX_LANGUAGE_STANDARD = "gnu++20";
				CLANG_ENABLE_MODULES = YES;
				CLANG_ENABLE_OBJC_ARC = YES;
				CLANG_ENABLE_OBJC_WEAK = YES;
				CLANG_WARN_BLOCK_CAPTURE_AUTORELEASING = YES;
				CLANG_WARN_BOOL_CONVERSION = YES;
				CLANG_WARN_COMMA = YES;
				CLANG_WARN_CONSTANT_CONVERSION = YES;
				CLANG_WARN_DEPRECATED_OBJC_IMPLEMENTATIONS = YES;
				CLANG_WARN_DIRECT_OBJC_ISA_USAGE = YES_ERROR;
				CLANG_WARN_DOCUMENTATION_COMMENTS = YES;
				CLANG_WARN_EMPTY_BODY = YES;
				CLANG_WARN_ENUM_CONVERSION = YES;
				CLANG_WARN_INFINITE_RECURSION = YES;
				CLANG_WARN_INT_CONVERSION = YES;
				CLANG_WARN_NON_LITERAL_NULL_CONVERSION = YES;
				CLANG_WARN_OBJC_IMPLICIT_RETAIN_SELF = YES;
				CLANG_WARN_OBJC_LITERAL_CONVERSION = YES;
				CLANG_WARN_OBJC_ROOT_CLASS = YES_ERROR;
				CLANG_WARN_QUOTED_INCLUDE_IN_FRAMEWORK_HEADER = YES;
				CLANG_WARN_RANGE_LOOP_ANALYSIS = YES;
				CLANG_WARN_STRICT_PROTOTYPES = YES;
				CLANG_WARN_SUSPICIOUS_MOVE = YES;
				CLANG_WARN_UNGUARDED_AVAILABILITY = YES_AGGRESSIVE;
				CLANG_WARN_UNREACHABLE_CODE = YES;
				CLANG_WARN__DUPLICATE_METHOD_MATCH = YES;
				COPY_PHASE_STRIP = NO;
				DEBUG_INFORMATION_FORMAT = dwarf;
				ENABLE_STRICT_OBJC_MSGSEND = YES;
				ENABLE_TESTABILITY = YES;
				GCC_C_LANGUAGE_STANDARD = gnu11;
				GCC_DYNAMIC_NO_PIC = NO;
				GCC_NO_COMMON_BLOCKS = YES;
				GCC_OPTIMIZATION_LEVEL = 0;
				GCC_PREPROCESSOR_DEFINITIONS = (
					"DEBUG=1",
					"$(inherited)",
				);
				GCC_WARN_64_TO_32_BIT_CONVERSION = YES;
				GCC_WARN_ABOUT_RETURN_TYPE = YES_ERROR;
				GCC_WARN_UNDECLARED_SELECTOR = YES;
				GCC_WARN_UNINITIALIZED_AUTOS = YES_AGGRESSIVE;
				GCC_WARN_UNUSED_FUNCTION = YES;
				GCC_WARN_UNUSED_VARIABLE = YES;
				IPHONEOS_DEPLOYMENT_TARGET = 16.4;
				MTL_ENABLE_DEBUG_INFO = INCLUDE_SOURCE;
				MTL_FAST_MATH = YES;
				ONLY_ACTIVE_ARCH = YES;
				SDKROOT = iphoneos;
				SWIFT_ACTIVE_COMPILATION_CONDITIONS = DEBUG;
				SWIFT_OPTIMIZATION_LEVEL = "-Onone";
			};
			name = Debug;
		};
		388575F32CEE67350068B6BF /* Release */ = {
			isa = XCBuildConfiguration;
			buildSettings = {
				ALWAYS_SEARCH_USER_PATHS = NO;
				CLANG_ANALYZER_NONNULL = YES;
				CLANG_ANALYZER_NUMBER_OBJECT_CONVERSION = YES_AGGRESSIVE;
				CLANG_CXX_LANGUAGE_STANDARD = "gnu++20";
				CLANG_ENABLE_MODULES = YES;
				CLANG_ENABLE_OBJC_ARC = YES;
				CLANG_ENABLE_OBJC_WEAK = YES;
				CLANG_WARN_BLOCK_CAPTURE_AUTORELEASING = YES;
				CLANG_WARN_BOOL_CONVERSION = YES;
				CLANG_WARN_COMMA = YES;
				CLANG_WARN_CONSTANT_CONVERSION = YES;
				CLANG_WARN_DEPRECATED_OBJC_IMPLEMENTATIONS = YES;
				CLANG_WARN_DIRECT_OBJC_ISA_USAGE = YES_ERROR;
				CLANG_WARN_DOCUMENTATION_COMMENTS = YES;
				CLANG_WARN_EMPTY_BODY = YES;
				CLANG_WARN_ENUM_CONVERSION = YES;
				CLANG_WARN_INFINITE_RECURSION = YES;
				CLANG_WARN_INT_CONVERSION = YES;
				CLANG_WARN_NON_LITERAL_NULL_CONVERSION = YES;
				CLANG_WARN_OBJC_IMPLICIT_RETAIN_SELF = YES;
				CLANG_WARN_OBJC_LITERAL_CONVERSION = YES;
				CLANG_WARN_OBJC_ROOT_CLASS = YES_ERROR;
				CLANG_WARN_QUOTED_INCLUDE_IN_FRAMEWORK_HEADER = YES;
				CLANG_WARN_RANGE_LOOP_ANALYSIS = YES;
				CLANG_WARN_STRICT_PROTOTYPES = YES;
				CLANG_WARN_SUSPICIOUS_MOVE = YES;
				CLANG_WARN_UNGUARDED_AVAILABILITY = YES_AGGRESSIVE;
				CLANG_WARN_UNREACHABLE_CODE = YES;
				CLANG_WARN__DUPLICATE_METHOD_MATCH = YES;
				COPY_PHASE_STRIP = NO;
				DEBUG_INFORMATION_FORMAT = "dwarf-with-dsym";
				ENABLE_NS_ASSERTIONS = NO;
				ENABLE_STRICT_OBJC_MSGSEND = YES;
				GCC_C_LANGUAGE_STANDARD = gnu11;
				GCC_NO_COMMON_BLOCKS = YES;
				GCC_WARN_64_TO_32_BIT_CONVERSION = YES;
				GCC_WARN_ABOUT_RETURN_TYPE = YES_ERROR;
				GCC_WARN_UNDECLARED_SELECTOR = YES;
				GCC_WARN_UNINITIALIZED_AUTOS = YES_AGGRESSIVE;
				GCC_WARN_UNUSED_FUNCTION = YES;
				GCC_WARN_UNUSED_VARIABLE = YES;
				IPHONEOS_DEPLOYMENT_TARGET = 16.4;
				MTL_ENABLE_DEBUG_INFO = NO;
				MTL_FAST_MATH = YES;
				SDKROOT = iphoneos;
				SWIFT_COMPILATION_MODE = wholemodule;
				SWIFT_OPTIMIZATION_LEVEL = "-O";
				VALIDATE_PRODUCT = YES;
			};
			name = Release;
		};
		388575F52CEE67350068B6BF /* Debug */ = {
			isa = XCBuildConfiguration;
			baseConfigurationReference = 135EB21D7F768175B4D91836 /* Pods-MomentumTask.debug.xcconfig */;
			buildSettings = {
				ASSETCATALOG_COMPILER_APPICON_NAME = AppIcon;
				ASSETCATALOG_COMPILER_GLOBAL_ACCENT_COLOR_NAME = AccentColor;
				CODE_SIGN_STYLE = Automatic;
				CURRENT_PROJECT_VERSION = 1;
				DEVELOPMENT_TEAM = 99TN99P4UG;
				GENERATE_INFOPLIST_FILE = YES;
				INFOPLIST_FILE = MomentumTask/Resources/Info.plist;
				INFOPLIST_KEY_UIApplicationSupportsIndirectInputEvents = YES;
				INFOPLIST_KEY_UILaunchStoryboardName = LaunchScreen;
				INFOPLIST_KEY_UISupportedInterfaceOrientations_iPad = "UIInterfaceOrientationPortrait UIInterfaceOrientationPortraitUpsideDown UIInterfaceOrientationLandscapeLeft UIInterfaceOrientationLandscapeRight";
				INFOPLIST_KEY_UISupportedInterfaceOrientations_iPhone = "UIInterfaceOrientationPortrait UIInterfaceOrientationLandscapeLeft UIInterfaceOrientationLandscapeRight";
				LD_RUNPATH_SEARCH_PATHS = (
					"$(inherited)",
					"@executable_path/Frameworks",
				);
				MARKETING_VERSION = 1.0;
				PRODUCT_BUNDLE_IDENTIFIER = Salma.MomentumTask;
				PRODUCT_NAME = "$(TARGET_NAME)";
				SWIFT_EMIT_LOC_STRINGS = YES;
				SWIFT_VERSION = 5.0;
				TARGETED_DEVICE_FAMILY = "1,2";
			};
			name = Debug;
		};
		388575F62CEE67350068B6BF /* Release */ = {
			isa = XCBuildConfiguration;
			baseConfigurationReference = 571724B0C717464583A8C55C /* Pods-MomentumTask.release.xcconfig */;
			buildSettings = {
				ASSETCATALOG_COMPILER_APPICON_NAME = AppIcon;
				ASSETCATALOG_COMPILER_GLOBAL_ACCENT_COLOR_NAME = AccentColor;
				CODE_SIGN_STYLE = Automatic;
				CURRENT_PROJECT_VERSION = 1;
				DEVELOPMENT_TEAM = 99TN99P4UG;
				GENERATE_INFOPLIST_FILE = YES;
				INFOPLIST_FILE = MomentumTask/Resources/Info.plist;
				INFOPLIST_KEY_UIApplicationSupportsIndirectInputEvents = YES;
				INFOPLIST_KEY_UILaunchStoryboardName = LaunchScreen;
				INFOPLIST_KEY_UISupportedInterfaceOrientations_iPad = "UIInterfaceOrientationPortrait UIInterfaceOrientationPortraitUpsideDown UIInterfaceOrientationLandscapeLeft UIInterfaceOrientationLandscapeRight";
				INFOPLIST_KEY_UISupportedInterfaceOrientations_iPhone = "UIInterfaceOrientationPortrait UIInterfaceOrientationLandscapeLeft UIInterfaceOrientationLandscapeRight";
				LD_RUNPATH_SEARCH_PATHS = (
					"$(inherited)",
					"@executable_path/Frameworks",
				);
				MARKETING_VERSION = 1.0;
				PRODUCT_BUNDLE_IDENTIFIER = Salma.MomentumTask;
				PRODUCT_NAME = "$(TARGET_NAME)";
				SWIFT_EMIT_LOC_STRINGS = YES;
				SWIFT_VERSION = 5.0;
				TARGETED_DEVICE_FAMILY = "1,2";
			};
			name = Release;
		};
/* End XCBuildConfiguration section */

/* Begin XCConfigurationList section */
		388575D82CEE67160068B6BF /* Build configuration list for PBXProject "MomentumTask" */ = {
			isa = XCConfigurationList;
			buildConfigurations = (
				388575F22CEE67350068B6BF /* Debug */,
				388575F32CEE67350068B6BF /* Release */,
			);
			defaultConfigurationIsVisible = 0;
			defaultConfigurationName = Release;
		};
		388575F42CEE67350068B6BF /* Build configuration list for PBXNativeTarget "MomentumTask" */ = {
			isa = XCConfigurationList;
			buildConfigurations = (
				388575F52CEE67350068B6BF /* Debug */,
				388575F62CEE67350068B6BF /* Release */,
			);
			defaultConfigurationIsVisible = 0;
			defaultConfigurationName = Release;
		};
/* End XCConfigurationList section */

/* Begin XCVersionGroup section */
		388575E92CEE67170068B6BF /* MomentumTask.xcdatamodeld */ = {
			isa = XCVersionGroup;
			children = (
				388575EA2CEE67170068B6BF /* MomentumTask.xcdatamodel */,
			);
			currentVersion = 388575EA2CEE67170068B6BF /* MomentumTask.xcdatamodel */;
			path = MomentumTask.xcdatamodeld;
			sourceTree = "<group>";
			versionGroupType = wrapper.xcdatamodel;
		};
/* End XCVersionGroup section */
	};
	rootObject = 388575D52CEE67160068B6BF /* Project object */;
}
